
Microsoft Visual Studio Solution File, Format Version 12.00
# Visual Studio Version 16
VisualStudioVersion = 16.0.31005.135
MinimumVisualStudioVersion = 10.0.40219.1
Project("{9A19103F-16F7-4668-BE54-9A1E7A4F7556}") = "HajosTeszt", "HajosTeszt.csproj", "{7CAF5500-668B-486E-8107-EB91DF0AC893}"
EndProject
Global
	GlobalSection(SolutionConfigurationPlatforms) = preSolution
		Debug|Any CPU = Debug|Any CPU
		Release|Any CPU = Release|Any CPU
	EndGlobalSection
	GlobalSection(ProjectConfigurationPlatforms) = postSolution
		{7CAF5500-668B-486E-8107-EB91DF0AC893}.Debug|Any CPU.ActiveCfg = Debug|Any CPU
		{7CAF5500-668B-486E-8107-EB91DF0AC893}.Debug|Any CPU.Build.0 = Debug|Any CPU
		{7CAF5500-668B-486E-8107-EB91DF0AC893}.Release|Any CPU.ActiveCfg = Release|Any CPU
		{7CAF5500-668B-486E-8107-EB91DF0AC893}.Release|Any CPU.Build.0 = Release|Any CPU
	EndGlobalSection
	GlobalSection(SolutionProperties) = preSolution
		HideSolutionNode = FALSE
	EndGlobalSection
	GlobalSection(ExtensibilityGlobals) = postSolution
		SolutionGuid = {6D03160A-A8C5-49A2-A56F-55BF15CD4A83}
	EndGlobalSection
EndGlobal
